
Microsoft Visual Studio Solution File, Format Version 12.00
# Visual Studio Version 17
VisualStudioVersion = 17.14.36310.24 d17.14
MinimumVisualStudioVersion = 10.0.40219.1
Project("{FAE04EC0-301F-11D3-BF4B-00C04F79EFBC}") = "BrewCoffee", "BrewCoffee\BrewCoffee.csproj", "{06C408B7-05FA-41BE-9E46-B4ED05C64F40}"
EndProject
Project("{FAE04EC0-301F-11D3-BF4B-00C04F79EFBC}") = "BrewCoffee.Core", "BrewCoffee.Core\BrewCoffee.Core.csproj", "{09A69FFB-A5A4-42A2-8DEF-ABB6FB4437C8}"
EndProject
Project("{FAE04EC0-301F-11D3-BF4B-00C04F79EFBC}") = "BrewCoffee.Application", "BrewCoffee.Application\BrewCoffee.Application.csproj", "{16BFB8CE-C70F-4255-A89E-986D7779B95B}"
EndProject
Project("{FAE04EC0-301F-11D3-BF4B-00C04F79EFBC}") = "BrewCoffee.UnitTests", "BrewCoffee.UnitTests\BrewCoffee.UnitTests.csproj", "{FA389ED1-3F94-4903-9ECA-662E5E4AC301}"
EndProject
Project("{FAE04EC0-301F-11D3-BF4B-00C04F79EFBC}") = "BrewCoffee.ExternalService", "BrewCoffee.ExternalService\BrewCoffee.ExternalService.csproj", "{BBF0D233-963D-408D-91E4-DEDC038CC78F}"
EndProject
Global
	GlobalSection(SolutionConfigurationPlatforms) = preSolution
		Debug|Any CPU = Debug|Any CPU
		Release|Any CPU = Release|Any CPU
	EndGlobalSection
	GlobalSection(ProjectConfigurationPlatforms) = postSolution
		{06C408B7-05FA-41BE-9E46-B4ED05C64F40}.Debug|Any CPU.ActiveCfg = Debug|Any CPU
		{06C408B7-05FA-41BE-9E46-B4ED05C64F40}.Debug|Any CPU.Build.0 = Debug|Any CPU
		{06C408B7-05FA-41BE-9E46-B4ED05C64F40}.Release|Any CPU.ActiveCfg = Release|Any CPU
		{06C408B7-05FA-41BE-9E46-B4ED05C64F40}.Release|Any CPU.Build.0 = Release|Any CPU
		{09A69FFB-A5A4-42A2-8DEF-ABB6FB4437C8}.Debug|Any CPU.ActiveCfg = Debug|Any CPU
		{09A69FFB-A5A4-42A2-8DEF-ABB6FB4437C8}.Debug|Any CPU.Build.0 = Debug|Any CPU
		{09A69FFB-A5A4-42A2-8DEF-ABB6FB4437C8}.Release|Any CPU.ActiveCfg = Release|Any CPU
		{09A69FFB-A5A4-42A2-8DEF-ABB6FB4437C8}.Release|Any CPU.Build.0 = Release|Any CPU
		{16BFB8CE-C70F-4255-A89E-986D7779B95B}.Debug|Any CPU.ActiveCfg = Debug|Any CPU
		{16BFB8CE-C70F-4255-A89E-986D7779B95B}.Debug|Any CPU.Build.0 = Debug|Any CPU
		{16BFB8CE-C70F-4255-A89E-986D7779B95B}.Release|Any CPU.ActiveCfg = Release|Any CPU
		{16BFB8CE-C70F-4255-A89E-986D7779B95B}.Release|Any CPU.Build.0 = Release|Any CPU
		{FA389ED1-3F94-4903-9ECA-662E5E4AC301}.Debug|Any CPU.ActiveCfg = Debug|Any CPU
		{FA389ED1-3F94-4903-9ECA-662E5E4AC301}.Debug|Any CPU.Build.0 = Debug|Any CPU
		{FA389ED1-3F94-4903-9ECA-662E5E4AC301}.Release|Any CPU.ActiveCfg = Release|Any CPU
		{FA389ED1-3F94-4903-9ECA-662E5E4AC301}.Release|Any CPU.Build.0 = Release|Any CPU
		{BBF0D233-963D-408D-91E4-DEDC038CC78F}.Debug|Any CPU.ActiveCfg = Debug|Any CPU
		{BBF0D233-963D-408D-91E4-DEDC038CC78F}.Debug|Any CPU.Build.0 = Debug|Any CPU
		{BBF0D233-963D-408D-91E4-DEDC038CC78F}.Release|Any CPU.ActiveCfg = Release|Any CPU
		{BBF0D233-963D-408D-91E4-DEDC038CC78F}.Release|Any CPU.Build.0 = Release|Any CPU
	EndGlobalSection
	GlobalSection(SolutionProperties) = preSolution
		HideSolutionNode = FALSE
	EndGlobalSection
	GlobalSection(ExtensibilityGlobals) = postSolution
		SolutionGuid = {72618C9A-9112-4D40-B567-2F93224FFADD}
	EndGlobalSection
EndGlobal
